
Microsoft Visual Studio Solution File, Format Version 12.00
# Visual Studio Version 16
VisualStudioVersion = 16.0.29418.71
MinimumVisualStudioVersion = 10.0.40219.1
Project("{9A19103F-16F7-4668-BE54-9A1E7A4F7556}") = "GingerMySQLDatabase", "MySQLDatabase\GingerMySQLDatabase.csproj", "{794B78F0-B13C-4EEA-9D95-F5F260DB5278}"
EndProject
Project("{9A19103F-16F7-4668-BE54-9A1E7A4F7556}") = "GingerMySQLTests", "MySQLTests\GingerMySQLTests.csproj", "{BB8FBD89-BF25-4CBD-B045-44B7B17D344E}"
EndProject
Global
	GlobalSection(SolutionConfigurationPlatforms) = preSolution
		Debug|Any CPU = Debug|Any CPU
		Release|Any CPU = Release|Any CPU
	EndGlobalSection
	GlobalSection(ProjectConfigurationPlatforms) = postSolution
		{794B78F0-B13C-4EEA-9D95-F5F260DB5278}.Debug|Any CPU.ActiveCfg = Debug|Any CPU
		{794B78F0-B13C-4EEA-9D95-F5F260DB5278}.Debug|Any CPU.Build.0 = Debug|Any CPU
		{794B78F0-B13C-4EEA-9D95-F5F260DB5278}.Release|Any CPU.ActiveCfg = Release|Any CPU
		{794B78F0-B13C-4EEA-9D95-F5F260DB5278}.Release|Any CPU.Build.0 = Release|Any CPU
		{BB8FBD89-BF25-4CBD-B045-44B7B17D344E}.Debug|Any CPU.ActiveCfg = Debug|Any CPU
		{BB8FBD89-BF25-4CBD-B045-44B7B17D344E}.Debug|Any CPU.Build.0 = Debug|Any CPU
		{BB8FBD89-BF25-4CBD-B045-44B7B17D344E}.Release|Any CPU.ActiveCfg = Release|Any CPU
		{BB8FBD89-BF25-4CBD-B045-44B7B17D344E}.Release|Any CPU.Build.0 = Release|Any CPU
	EndGlobalSection
	GlobalSection(SolutionProperties) = preSolution
		HideSolutionNode = FALSE
	EndGlobalSection
	GlobalSection(ExtensibilityGlobals) = postSolution
		SolutionGuid = {94062338-3B03-43F4-BBED-296A3091E784}
	EndGlobalSection
EndGlobal
